<?xml version="1.0" encoding="utf-8"?>
<Project ToolsVersion="4.0" xmlns="http://schemas.microsoft.com/developer/msbuild/2003">
  <ItemGroup>
    <Filter Include="Resource Files">
      <UniqueIdentifier>{67DA6AB6-F800-4c08-8B7A-83BB121AAD01}</UniqueIdentifier>
      <Extensions>rc;ico;cur;bmp;dlg;rc2;rct;bin;rgs;gif;jpg;jpeg;jpe;resx;tiff;tif;png;wav;mfcribbon-ms</Extensions>
    </Filter>
    <Filter Include="examples">
      <UniqueIdentifier>{5ba25577-7496-4aa8-bbe4-6a36a343f669}</UniqueIdentifier>
    </Filter>
    <Filter Include="lib">
      <UniqueIdentifier>{e2d10ffb-92e2-4c76-b8e6-73a05acd8e1a}</UniqueIdentifier>
    </Filter>
    <Filter Include="out">
      <UniqueIdentifier>{21b056db-d08f-4fb5-af18-c28dbba1b375}</UniqueIdentifier>
    </Filter>
    <Filter Include="src">
      <UniqueIdentifier>{7f434d34-bb67-4e2b-a452-fa5c12a9ea3a}</UniqueIdentifier>
    </Filter>
    <Filter Include="test">
      <UniqueIdentifier>{9ae9dc57-0d62-48a4-9658-cbf75b4ca24d}</UniqueIdentifier>
    </Filter>
    <Filter Include="src\cell">
      <UniqueIdentifier>{b62ffbfe-eaae-4de8-bd82-f434319581a3}</UniqueIdentifier>
    </Filter>
    <Filter Include="src\export">
      <UniqueIdentifier>{4ec4f807-d827-4b3c-bc3b-9c7aefca86f3}</UniqueIdentifier>
    </Filter>
    <Filter Include="src\flex">
      <UniqueIdentifier>{65542346-ba3c-478e-88a6-d111d80738fb}</UniqueIdentifier>
    </Filter>
    <Filter Include="src\utilities">
      <UniqueIdentifier>{02996748-f3f4-4033-a3b1-a5dbeb0b388c}</UniqueIdentifier>
    </Filter>
    <Filter Include="src\utilities\math">
      <UniqueIdentifier>{91b1898e-5a3e-499d-a371-6f1e43f91ffc}</UniqueIdentifier>
    </Filter>
    <Filter Include="lib\flex">
      <UniqueIdentifier>{c1953c8b-db06-4e60-a522-b63a0f1e5a01}</UniqueIdentifier>
    </Filter>
    <Filter Include="lib\flex\core">
      <UniqueIdentifier>{4bed48bd-0a40-4e24-a135-225ea9330ea4}</UniqueIdentifier>
    </Filter>
    <Filter Include="lib\flex\maths">
      <UniqueIdentifier>{dc0d9ac9-9505-411f-a020-6980eefeb31f}</UniqueIdentifier>
    </Filter>
    <Filter Include="lib\flex\lib">
      <UniqueIdentifier>{d23900d2-51d8-45e2-a296-546c2af66d4c}</UniqueIdentifier>
    </Filter>
  </ItemGroup>
  <ItemGroup>
    <ClCompile Include="lib\stdafx.cpp">
      <Filter>lib</Filter>
    </ClCompile>
    <ClCompile Include="src\cellaris\cellaris.cpp">
      <Filter>src</Filter>
    </ClCompile>
    <ClCompile Include="test\cellaris_basicfunctionality.cpp">
      <Filter>test</Filter>
    </ClCompile>
    <ClCompile Include="src\cellaris\utilities\scenetime.cpp">
      <Filter>src\utilities</Filter>
    </ClCompile>
    <ClCompile Include="src\cellaris\utilities\timestepper.cpp">
      <Filter>src\utilities</Filter>
    </ClCompile>
    <ClCompile Include="src\cellaris\cell\cell.cpp">
      <Filter>src\cell</Filter>
    </ClCompile>
    <ClCompile Include="src\cellaris\utilities\datastore.cpp">
      <Filter>src\utilities</Filter>
    </ClCompile>
    <ClCompile Include="src\cellaris\cell\bacteria.cpp">
      <Filter>src\cell</Filter>
    </ClCompile>
    <ClCompile Include="src\cellaris\utilities\dataexporter.cpp">
      <Filter>src\utilities</Filter>
    </ClCompile>
    <ClCompile Include="lib\flex\core\core.cpp">
      <Filter>lib\flex\core</Filter>
    </ClCompile>
    <ClCompile Include="lib\flex\maths\maths.cpp">
      <Filter>lib\flex\maths</Filter>
    </ClCompile>
    <ClCompile Include="lib\flex\core\platform.cpp">
      <Filter>lib\flex\core</Filter>
    </ClCompile>
  </ItemGroup>
  <ItemGroup>
    <ClInclude Include="lib\stdafx.h">
      <Filter>lib</Filter>
    </ClInclude>
    <ClInclude Include="lib\targetver.h">
      <Filter>lib</Filter>
    </ClInclude>
    <ClInclude Include="src\cellaris\utilities\scenetime.h">
      <Filter>src\utilities</Filter>
    </ClInclude>
    <ClInclude Include="src\cellaris\utilities\timestepper.h">
      <Filter>src\utilities</Filter>
    </ClInclude>
    <ClInclude Include="src\cellaris\cell\cell.h">
      <Filter>src\cell</Filter>
    </ClInclude>
    <ClInclude Include="src\cellaris\cellaris.h">
      <Filter>src</Filter>
    </ClInclude>
    <ClInclude Include="src\cellaris\utilities\datastore.h">
      <Filter>src\utilities</Filter>
    </ClInclude>
    <ClInclude Include="src\cellaris\cell\bacteria.h">
      <Filter>src\cell</Filter>
    </ClInclude>
    <ClInclude Include="src\cellaris\utilities\dataexporter.h">
      <Filter>src\utilities</Filter>
    </ClInclude>
    <ClInclude Include="lib\flex\core\core.h">
      <Filter>lib\flex\core</Filter>
    </ClInclude>
    <ClInclude Include="lib\flex\core\NvFlex.h">
      <Filter>lib\flex\core</Filter>
    </ClInclude>
    <ClInclude Include="lib\flex\core\NvFlexDevice.h">
      <Filter>lib\flex\core</Filter>
    </ClInclude>
    <ClInclude Include="lib\flex\core\NvFlexExt.h">
      <Filter>lib\flex\core</Filter>
    </ClInclude>
    <ClInclude Include="lib\flex\maths\maths.h">
      <Filter>lib\flex\maths</Filter>
    </ClInclude>
    <ClInclude Include="lib\flex\maths\quat.h">
      <Filter>lib\flex\maths</Filter>
    </ClInclude>
    <ClInclude Include="lib\flex\maths\vec2.h">
      <Filter>lib\flex\maths</Filter>
    </ClInclude>
    <ClInclude Include="lib\flex\maths\vec3.h">
      <Filter>lib\flex\maths</Filter>
    </ClInclude>
    <ClInclude Include="lib\flex\maths\vec4.h">
      <Filter>lib\flex\maths</Filter>
    </ClInclude>
    <ClInclude Include="lib\flex\core\platform.h">
      <Filter>lib\flex\core</Filter>
    </ClInclude>
  </ItemGroup>
  <ItemGroup>
    <Library Include="lib\flex\lib\NvFlexDeviceRelease_x64.lib">
      <Filter>lib\flex\lib</Filter>
    </Library>
    <Library Include="lib\flex\lib\NvFlexExtReleaseCUDA_x64.lib">
      <Filter>lib\flex\lib</Filter>
    </Library>
    <Library Include="lib\flex\lib\NvFlexReleaseCUDA_x64.lib">
      <Filter>lib\flex\lib</Filter>
    </Library>
  </ItemGroup>
  <ItemGroup>
    <None Include="lib\flex\lib\NvFlexReleaseCUDA_x64.dll">
      <Filter>lib\flex\lib</Filter>
    </None>
  </ItemGroup>
</Project>