<?xml version="1.0" encoding="utf-8"?>
<Project ToolsVersion="4.0" xmlns="http://schemas.microsoft.com/developer/msbuild/2003">
  <ItemGroup>
    <Filter Include="Resource Files">
      <UniqueIdentifier>{67DA6AB6-F800-4c08-8B7A-83BB121AAD01}</UniqueIdentifier>
      <Extensions>rc;ico;cur;bmp;dlg;rc2;rct;bin;rgs;gif;jpg;jpeg;jpe;resx;tiff;tif;png;wav;mfcribbon-ms</Extensions>
    </Filter>
    <Filter Include="examples">
      <UniqueIdentifier>{5ba25577-7496-4aa8-bbe4-6a36a343f669}</UniqueIdentifier>
    </Filter>
    <Filter Include="lib">
      <UniqueIdentifier>{e2d10ffb-92e2-4c76-b8e6-73a05acd8e1a}</UniqueIdentifier>
    </Filter>
    <Filter Include="out">
      <UniqueIdentifier>{21b056db-d08f-4fb5-af18-c28dbba1b375}</UniqueIdentifier>
    </Filter>
    <Filter Include="src">
      <UniqueIdentifier>{7f434d34-bb67-4e2b-a452-fa5c12a9ea3a}</UniqueIdentifier>
    </Filter>
    <Filter Include="test">
      <UniqueIdentifier>{9ae9dc57-0d62-48a4-9658-cbf75b4ca24d}</UniqueIdentifier>
    </Filter>
    <Filter Include="src\cell">
      <UniqueIdentifier>{b62ffbfe-eaae-4de8-bd82-f434319581a3}</UniqueIdentifier>
    </Filter>
    <Filter Include="src\export">
      <UniqueIdentifier>{4ec4f807-d827-4b3c-bc3b-9c7aefca86f3}</UniqueIdentifier>
    </Filter>
    <Filter Include="src\flex">
      <UniqueIdentifier>{65542346-ba3c-478e-88a6-d111d80738fb}</UniqueIdentifier>
    </Filter>
    <Filter Include="src\utilities">
      <UniqueIdentifier>{02996748-f3f4-4033-a3b1-a5dbeb0b388c}</UniqueIdentifier>
    </Filter>
    <Filter Include="src\utilities\math">
      <UniqueIdentifier>{91b1898e-5a3e-499d-a371-6f1e43f91ffc}</UniqueIdentifier>
    </Filter>
    <Filter Include="lib\flex">
      <UniqueIdentifier>{c1953c8b-db06-4e60-a522-b63a0f1e5a01}</UniqueIdentifier>
    </Filter>
    <Filter Include="lib\flex\core">
      <UniqueIdentifier>{4bed48bd-0a40-4e24-a135-225ea9330ea4}</UniqueIdentifier>
    </Filter>
    <Filter Include="lib\flex\maths">
      <UniqueIdentifier>{dc0d9ac9-9505-411f-a020-6980eefeb31f}</UniqueIdentifier>
    </Filter>
    <Filter Include="lib\flex\lib">
      <UniqueIdentifier>{d23900d2-51d8-45e2-a296-546c2af66d4c}</UniqueIdentifier>
    </Filter>
    <Filter Include="lib\opengl">
      <UniqueIdentifier>{419b45c7-d3be-4854-99ce-9c498e29aece}</UniqueIdentifier>
    </Filter>
    <Filter Include="lib\SDL">
      <UniqueIdentifier>{f97d55ec-2165-4f12-ad29-78664bddb7de}</UniqueIdentifier>
    </Filter>
  </ItemGroup>
  <ItemGroup>
    <ClCompile Include="lib\stdafx.cpp">
      <Filter>lib</Filter>
    </ClCompile>
    <ClCompile Include="src\cellaris\cellaris.cpp">
      <Filter>src</Filter>
    </ClCompile>
    <ClCompile Include="src\cellaris\utilities\scenetime.cpp">
      <Filter>src\utilities</Filter>
    </ClCompile>
    <ClCompile Include="src\cellaris\utilities\timestepper.cpp">
      <Filter>src\utilities</Filter>
    </ClCompile>
    <ClCompile Include="src\cellaris\cell\cell.cpp">
      <Filter>src\cell</Filter>
    </ClCompile>
    <ClCompile Include="src\cellaris\utilities\datastore.cpp">
      <Filter>src\utilities</Filter>
    </ClCompile>
    <ClCompile Include="src\cellaris\cell\bacteria.cpp">
      <Filter>src\cell</Filter>
    </ClCompile>
    <ClCompile Include="src\cellaris\utilities\dataexporter.cpp">
      <Filter>src\utilities</Filter>
    </ClCompile>
    <ClCompile Include="lib\flex\core\core.cpp">
      <Filter>lib\flex\core</Filter>
    </ClCompile>
    <ClCompile Include="lib\flex\maths\maths.cpp">
      <Filter>lib\flex\maths</Filter>
    </ClCompile>
    <ClCompile Include="lib\flex\core\platform.cpp">
      <Filter>lib\flex\core</Filter>
    </ClCompile>
    <ClCompile Include="lib\opengl\imguiRenderGL.cpp">
      <Filter>lib\opengl</Filter>
    </ClCompile>
    <ClCompile Include="lib\opengl\shader.cpp">
      <Filter>lib\opengl</Filter>
    </ClCompile>
    <ClCompile Include="lib\imgui.cpp">
      <Filter>lib</Filter>
    </ClCompile>
    <ClCompile Include="lib\flex\core\mesh.cpp">
      <Filter>lib\flex\core</Filter>
    </ClCompile>
    <ClCompile Include="lib\flex\core\perlin.cpp">
      <Filter>lib\flex\core</Filter>
    </ClCompile>
    <ClCompile Include="lib\flex\core\pfm.cpp">
      <Filter>lib\flex\core</Filter>
    </ClCompile>
    <ClCompile Include="lib\flex\core\sdf.cpp">
      <Filter>lib\flex\core</Filter>
    </ClCompile>
    <ClCompile Include="lib\flex\core\voxelize.cpp">
      <Filter>lib\flex\core</Filter>
    </ClCompile>
    <ClCompile Include="lib\flex\core\aabbtree.cpp">
      <Filter>lib\flex\core</Filter>
    </ClCompile>
    <ClCompile Include="lib\SDL2-2.0.4\include\SDL_main.cpp" />
    <ClCompile Include="test\main.cpp">
      <Filter>test</Filter>
    </ClCompile>
  </ItemGroup>
  <ItemGroup>
    <ClInclude Include="lib\stdafx.h">
      <Filter>lib</Filter>
    </ClInclude>
    <ClInclude Include="lib\targetver.h">
      <Filter>lib</Filter>
    </ClInclude>
    <ClInclude Include="src\cellaris\utilities\scenetime.h">
      <Filter>src\utilities</Filter>
    </ClInclude>
    <ClInclude Include="src\cellaris\utilities\timestepper.h">
      <Filter>src\utilities</Filter>
    </ClInclude>
    <ClInclude Include="src\cellaris\cell\cell.h">
      <Filter>src\cell</Filter>
    </ClInclude>
    <ClInclude Include="src\cellaris\cellaris.h">
      <Filter>src</Filter>
    </ClInclude>
    <ClInclude Include="src\cellaris\utilities\datastore.h">
      <Filter>src\utilities</Filter>
    </ClInclude>
    <ClInclude Include="src\cellaris\cell\bacteria.h">
      <Filter>src\cell</Filter>
    </ClInclude>
    <ClInclude Include="src\cellaris\utilities\dataexporter.h">
      <Filter>src\utilities</Filter>
    </ClInclude>
    <ClInclude Include="lib\flex\core\core.h">
      <Filter>lib\flex\core</Filter>
    </ClInclude>
    <ClInclude Include="lib\flex\core\NvFlex.h">
      <Filter>lib\flex\core</Filter>
    </ClInclude>
    <ClInclude Include="lib\flex\core\NvFlexDevice.h">
      <Filter>lib\flex\core</Filter>
    </ClInclude>
    <ClInclude Include="lib\flex\core\NvFlexExt.h">
      <Filter>lib\flex\core</Filter>
    </ClInclude>
    <ClInclude Include="lib\flex\maths\maths.h">
      <Filter>lib\flex\maths</Filter>
    </ClInclude>
    <ClInclude Include="lib\flex\maths\quat.h">
      <Filter>lib\flex\maths</Filter>
    </ClInclude>
    <ClInclude Include="lib\flex\maths\vec2.h">
      <Filter>lib\flex\maths</Filter>
    </ClInclude>
    <ClInclude Include="lib\flex\maths\vec3.h">
      <Filter>lib\flex\maths</Filter>
    </ClInclude>
    <ClInclude Include="lib\flex\maths\vec4.h">
      <Filter>lib\flex\maths</Filter>
    </ClInclude>
    <ClInclude Include="lib\flex\core\platform.h">
      <Filter>lib\flex\core</Filter>
    </ClInclude>
    <ClInclude Include="lib\opengl\imguiRenderGL.h">
      <Filter>lib\opengl</Filter>
    </ClInclude>
    <ClInclude Include="lib\opengl\shader.h">
      <Filter>lib\opengl</Filter>
    </ClInclude>
    <ClInclude Include="lib\imgui.h">
      <Filter>lib</Filter>
    </ClInclude>
    <ClInclude Include="lib\shaders.h">
      <Filter>lib</Filter>
    </ClInclude>
    <ClInclude Include="lib\flex\core\mesh.h">
      <Filter>lib\flex\core</Filter>
    </ClInclude>
    <ClInclude Include="lib\flex\core\convex.h">
      <Filter>lib\flex\core</Filter>
    </ClInclude>
    <ClInclude Include="lib\flex\core\perlin.h">
      <Filter>lib\flex\core</Filter>
    </ClInclude>
    <ClInclude Include="lib\flex\core\pfm.h">
      <Filter>lib\flex\core</Filter>
    </ClInclude>
    <ClInclude Include="lib\flex\core\sdf.h">
      <Filter>lib\flex\core</Filter>
    </ClInclude>
    <ClInclude Include="lib\flex\core\voxelize.h">
      <Filter>lib\flex\core</Filter>
    </ClInclude>
    <ClInclude Include="lib\flex\core\aabbtree.h">
      <Filter>lib\flex\core</Filter>
    </ClInclude>
    <ClInclude Include="lib\SDL2-2.0.4\include\SDL.h">
      <Filter>lib\SDL</Filter>
    </ClInclude>
    <ClInclude Include="lib\SDL2-2.0.4\include\begin_code.h">
      <Filter>lib\SDL</Filter>
    </ClInclude>
    <ClInclude Include="lib\SDL2-2.0.4\include\close_code.h">
      <Filter>lib\SDL</Filter>
    </ClInclude>
    <ClInclude Include="lib\SDL2-2.0.4\include\SDL_assert.h">
      <Filter>lib\SDL</Filter>
    </ClInclude>
    <ClInclude Include="lib\SDL2-2.0.4\include\SDL_atomic.h">
      <Filter>lib\SDL</Filter>
    </ClInclude>
    <ClInclude Include="lib\SDL2-2.0.4\include\SDL_audio.h">
      <Filter>lib\SDL</Filter>
    </ClInclude>
    <ClInclude Include="lib\SDL2-2.0.4\include\SDL_bits.h">
      <Filter>lib\SDL</Filter>
    </ClInclude>
    <ClInclude Include="lib\SDL2-2.0.4\include\SDL_blendmode.h">
      <Filter>lib\SDL</Filter>
    </ClInclude>
    <ClInclude Include="lib\SDL2-2.0.4\include\SDL_clipboard.h">
      <Filter>lib\SDL</Filter>
    </ClInclude>
    <ClInclude Include="lib\SDL2-2.0.4\include\SDL_config.h">
      <Filter>lib\SDL</Filter>
    </ClInclude>
    <ClInclude Include="lib\SDL2-2.0.4\include\SDL_cpuinfo.h">
      <Filter>lib\SDL</Filter>
    </ClInclude>
    <ClInclude Include="lib\SDL2-2.0.4\include\SDL_egl.h">
      <Filter>lib\SDL</Filter>
    </ClInclude>
    <ClInclude Include="lib\SDL2-2.0.4\include\SDL_endian.h">
      <Filter>lib\SDL</Filter>
    </ClInclude>
    <ClInclude Include="lib\SDL2-2.0.4\include\SDL_error.h">
      <Filter>lib\SDL</Filter>
    </ClInclude>
    <ClInclude Include="lib\SDL2-2.0.4\include\SDL_events.h">
      <Filter>lib\SDL</Filter>
    </ClInclude>
    <ClInclude Include="lib\SDL2-2.0.4\include\SDL_filesystem.h">
      <Filter>lib\SDL</Filter>
    </ClInclude>
    <ClInclude Include="lib\SDL2-2.0.4\include\SDL_gamecontroller.h">
      <Filter>lib\SDL</Filter>
    </ClInclude>
    <ClInclude Include="lib\SDL2-2.0.4\include\SDL_gesture.h">
      <Filter>lib\SDL</Filter>
    </ClInclude>
    <ClInclude Include="lib\SDL2-2.0.4\include\SDL_haptic.h">
      <Filter>lib\SDL</Filter>
    </ClInclude>
    <ClInclude Include="lib\SDL2-2.0.4\include\SDL_hints.h">
      <Filter>lib\SDL</Filter>
    </ClInclude>
    <ClInclude Include="lib\SDL2-2.0.4\include\SDL_joystick.h">
      <Filter>lib\SDL</Filter>
    </ClInclude>
    <ClInclude Include="lib\SDL2-2.0.4\include\SDL_keyboard.h">
      <Filter>lib\SDL</Filter>
    </ClInclude>
    <ClInclude Include="lib\SDL2-2.0.4\include\SDL_keycode.h">
      <Filter>lib\SDL</Filter>
    </ClInclude>
    <ClInclude Include="lib\SDL2-2.0.4\include\SDL_loadso.h">
      <Filter>lib\SDL</Filter>
    </ClInclude>
    <ClInclude Include="lib\SDL2-2.0.4\include\SDL_log.h">
      <Filter>lib\SDL</Filter>
    </ClInclude>
    <ClInclude Include="lib\SDL2-2.0.4\include\SDL_main.h">
      <Filter>lib\SDL</Filter>
    </ClInclude>
    <ClInclude Include="lib\SDL2-2.0.4\include\SDL_messagebox.h">
      <Filter>lib\SDL</Filter>
    </ClInclude>
    <ClInclude Include="lib\SDL2-2.0.4\include\SDL_mouse.h">
      <Filter>lib\SDL</Filter>
    </ClInclude>
    <ClInclude Include="lib\SDL2-2.0.4\include\SDL_mutex.h">
      <Filter>lib\SDL</Filter>
    </ClInclude>
    <ClInclude Include="lib\SDL2-2.0.4\include\SDL_name.h">
      <Filter>lib\SDL</Filter>
    </ClInclude>
    <ClInclude Include="lib\SDL2-2.0.4\include\SDL_opengl.h">
      <Filter>lib\SDL</Filter>
    </ClInclude>
    <ClInclude Include="lib\SDL2-2.0.4\include\SDL_opengl_glext.h">
      <Filter>lib\SDL</Filter>
    </ClInclude>
    <ClInclude Include="lib\SDL2-2.0.4\include\SDL_opengles.h">
      <Filter>lib\SDL</Filter>
    </ClInclude>
    <ClInclude Include="lib\SDL2-2.0.4\include\SDL_opengles2.h">
      <Filter>lib\SDL</Filter>
    </ClInclude>
    <ClInclude Include="lib\SDL2-2.0.4\include\SDL_opengles2_gl2.h">
      <Filter>lib\SDL</Filter>
    </ClInclude>
    <ClInclude Include="lib\SDL2-2.0.4\include\SDL_opengles2_gl2ext.h">
      <Filter>lib\SDL</Filter>
    </ClInclude>
    <ClInclude Include="lib\SDL2-2.0.4\include\SDL_opengles2_gl2platform.h">
      <Filter>lib\SDL</Filter>
    </ClInclude>
    <ClInclude Include="lib\SDL2-2.0.4\include\SDL_opengles2_khrplatform.h">
      <Filter>lib\SDL</Filter>
    </ClInclude>
    <ClInclude Include="lib\SDL2-2.0.4\include\SDL_pixels.h">
      <Filter>lib\SDL</Filter>
    </ClInclude>
    <ClInclude Include="lib\SDL2-2.0.4\include\SDL_platform.h">
      <Filter>lib\SDL</Filter>
    </ClInclude>
    <ClInclude Include="lib\SDL2-2.0.4\include\SDL_power.h">
      <Filter>lib\SDL</Filter>
    </ClInclude>
    <ClInclude Include="lib\SDL2-2.0.4\include\SDL_quit.h">
      <Filter>lib\SDL</Filter>
    </ClInclude>
    <ClInclude Include="lib\SDL2-2.0.4\include\SDL_rect.h">
      <Filter>lib\SDL</Filter>
    </ClInclude>
    <ClInclude Include="lib\SDL2-2.0.4\include\SDL_render.h">
      <Filter>lib\SDL</Filter>
    </ClInclude>
    <ClInclude Include="lib\SDL2-2.0.4\include\SDL_revision.h">
      <Filter>lib\SDL</Filter>
    </ClInclude>
    <ClInclude Include="lib\SDL2-2.0.4\include\SDL_rwops.h">
      <Filter>lib\SDL</Filter>
    </ClInclude>
    <ClInclude Include="lib\SDL2-2.0.4\include\SDL_scancode.h">
      <Filter>lib\SDL</Filter>
    </ClInclude>
    <ClInclude Include="lib\SDL2-2.0.4\include\SDL_shape.h">
      <Filter>lib\SDL</Filter>
    </ClInclude>
    <ClInclude Include="lib\SDL2-2.0.4\include\SDL_stdinc.h">
      <Filter>lib\SDL</Filter>
    </ClInclude>
    <ClInclude Include="lib\SDL2-2.0.4\include\SDL_surface.h">
      <Filter>lib\SDL</Filter>
    </ClInclude>
    <ClInclude Include="lib\SDL2-2.0.4\include\SDL_system.h">
      <Filter>lib\SDL</Filter>
    </ClInclude>
    <ClInclude Include="lib\SDL2-2.0.4\include\SDL_syswm.h">
      <Filter>lib\SDL</Filter>
    </ClInclude>
    <ClInclude Include="lib\SDL2-2.0.4\include\SDL_test.h">
      <Filter>lib\SDL</Filter>
    </ClInclude>
    <ClInclude Include="lib\SDL2-2.0.4\include\SDL_test_assert.h">
      <Filter>lib\SDL</Filter>
    </ClInclude>
    <ClInclude Include="lib\SDL2-2.0.4\include\SDL_test_common.h">
      <Filter>lib\SDL</Filter>
    </ClInclude>
    <ClInclude Include="lib\SDL2-2.0.4\include\SDL_test_compare.h">
      <Filter>lib\SDL</Filter>
    </ClInclude>
    <ClInclude Include="lib\SDL2-2.0.4\include\SDL_test_crc32.h">
      <Filter>lib\SDL</Filter>
    </ClInclude>
    <ClInclude Include="lib\SDL2-2.0.4\include\SDL_test_font.h">
      <Filter>lib\SDL</Filter>
    </ClInclude>
    <ClInclude Include="lib\SDL2-2.0.4\include\SDL_test_fuzzer.h">
      <Filter>lib\SDL</Filter>
    </ClInclude>
    <ClInclude Include="lib\SDL2-2.0.4\include\SDL_test_harness.h">
      <Filter>lib\SDL</Filter>
    </ClInclude>
    <ClInclude Include="lib\SDL2-2.0.4\include\SDL_test_images.h">
      <Filter>lib\SDL</Filter>
    </ClInclude>
    <ClInclude Include="lib\SDL2-2.0.4\include\SDL_test_log.h">
      <Filter>lib\SDL</Filter>
    </ClInclude>
    <ClInclude Include="lib\SDL2-2.0.4\include\SDL_test_md5.h">
      <Filter>lib\SDL</Filter>
    </ClInclude>
    <ClInclude Include="lib\SDL2-2.0.4\include\SDL_test_random.h">
      <Filter>lib\SDL</Filter>
    </ClInclude>
    <ClInclude Include="lib\SDL2-2.0.4\include\SDL_thread.h">
      <Filter>lib\SDL</Filter>
    </ClInclude>
    <ClInclude Include="lib\SDL2-2.0.4\include\SDL_timer.h">
      <Filter>lib\SDL</Filter>
    </ClInclude>
    <ClInclude Include="lib\SDL2-2.0.4\include\SDL_touch.h">
      <Filter>lib\SDL</Filter>
    </ClInclude>
    <ClInclude Include="lib\SDL2-2.0.4\include\SDL_types.h">
      <Filter>lib\SDL</Filter>
    </ClInclude>
    <ClInclude Include="lib\SDL2-2.0.4\include\SDL_version.h">
      <Filter>lib\SDL</Filter>
    </ClInclude>
    <ClInclude Include="lib\SDL2-2.0.4\include\SDL_video.h">
      <Filter>lib\SDL</Filter>
    </ClInclude>
    <ClInclude Include="lib\stb_truetype.h">
      <Filter>lib</Filter>
    </ClInclude>
  </ItemGroup>
  <ItemGroup>
    <Library Include="lib\flex\lib\NvFlexDeviceRelease_x64.lib">
      <Filter>lib\flex\lib</Filter>
    </Library>
    <Library Include="lib\flex\lib\NvFlexExtReleaseCUDA_x64.lib">
      <Filter>lib\flex\lib</Filter>
    </Library>
    <Library Include="lib\flex\lib\NvFlexReleaseCUDA_x64.lib">
      <Filter>lib\flex\lib</Filter>
    </Library>
    <Library Include="lib\flex\lib\glew32.lib">
      <Filter>lib\flex\lib</Filter>
    </Library>
    <Library Include="lib\flex\lib\SDL2.lib">
      <Filter>lib\flex\lib</Filter>
    </Library>
    <Library Include="lib\flex\lib\SDL2test.lib">
      <Filter>lib\flex\lib</Filter>
    </Library>
  </ItemGroup>
  <ItemGroup>
    <None Include="lib\flex\lib\NvFlexReleaseCUDA_x64.dll">
      <Filter>lib\flex\lib</Filter>
    </None>
    <None Include="lib\flex\lib\SDL2.dll">
      <Filter>lib\flex\lib</Filter>
    </None>
  </ItemGroup>
</Project>